[root]
name = "genesis"
version = "0.0.1"
dependencies = [
 "gl 0.0.5 (git+https://github.com/bjz/gl-rs)",
 "glfw 0.0.1 (git+https://github.com/bjz/glfw-rs)",
 "groove 0.0.1 (git+https://github.com/andrewrk/rust-groove)",
]

[[package]]
name = "bitflags"
version = "0.1.0"
source = "registry+https://github.com/rust-lang/crates.io-index"

[[package]]
name = "gl"
version = "0.0.5"
source = "git+https://github.com/bjz/gl-rs#f28b4c0fbc98b4614b29cfaacb4110f0b73f5685"
dependencies = [
 "gl_common 0.0.3 (git+https://github.com/bjz/gl-rs)",
 "gl_generator 0.0.12 (git+https://github.com/bjz/gl-rs)",
 "khronos_api 0.0.5 (git+https://github.com/bjz/gl-rs)",
]

[[package]]
name = "gl_common"
version = "0.0.3"
source = "git+https://github.com/bjz/gl-rs#f28b4c0fbc98b4614b29cfaacb4110f0b73f5685"

[[package]]
name = "gl_generator"
version = "0.0.12"
source = "git+https://github.com/bjz/gl-rs#f28b4c0fbc98b4614b29cfaacb4110f0b73f5685"
dependencies = [
 "gl_common 0.0.3 (git+https://github.com/bjz/gl-rs)",
 "khronos_api 0.0.5 (git+https://github.com/bjz/gl-rs)",
 "log 0.1.9 (registry+https://github.com/rust-lang/crates.io-index)",
 "xml-rs 0.1.13 (registry+https://github.com/rust-lang/crates.io-index)",
]

[[package]]
name = "glfw"
version = "0.0.1"
source = "git+https://github.com/bjz/glfw-rs#07c01abedb0d8cc9a2dd707103a4dcf1d1560b2f"
dependencies = [
 "bitflags 0.1.0 (registry+https://github.com/rust-lang/crates.io-index)",
 "glfw-sys 3.0.4 (git+https://github.com/servo/glfw?branch=cargo-3.0.4)",
 "libc 0.1.0 (registry+https://github.com/rust-lang/crates.io-index)",
 "log 0.1.9 (registry+https://github.com/rust-lang/crates.io-index)",
 "semver 0.1.12 (registry+https://github.com/rust-lang/crates.io-index)",
]

[[package]]
name = "glfw-sys"
version = "3.0.4"
source = "git+https://github.com/servo/glfw?branch=cargo-3.0.4#765dace7e4125b87c764f5ac0e7a80eae5c550b2"

[[package]]
name = "groove"
version = "0.0.1"
source = "git+https://github.com/andrewrk/rust-groove#14db06f2c426ff867a7b3d522c37f6fd6e47526e"
dependencies = [
 "lazy_static 0.1.7 (registry+https://github.com/rust-lang/crates.io-index)",
]

[[package]]
name = "khronos_api"
version = "0.0.5"
source = "git+https://github.com/bjz/gl-rs#f28b4c0fbc98b4614b29cfaacb4110f0b73f5685"

[[package]]
name = "lazy_static"
version = "0.1.7"
source = "registry+https://github.com/rust-lang/crates.io-index"

[[package]]
name = "libc"
version = "0.1.0"
source = "registry+https://github.com/rust-lang/crates.io-index"

[[package]]
name = "log"
version = "0.1.9"
source = "registry+https://github.com/rust-lang/crates.io-index"
dependencies = [
 "regex 0.1.10 (registry+https://github.com/rust-lang/crates.io-index)",
]

[[package]]
name = "regex"
version = "0.1.10"
source = "registry+https://github.com/rust-lang/crates.io-index"

[[package]]
name = "semver"
version = "0.1.12"
source = "registry+https://github.com/rust-lang/crates.io-index"

[[package]]
name = "xml-rs"
version = "0.1.13"
source = "registry+https://github.com/rust-lang/crates.io-index"
dependencies = [
 "bitflags 0.1.0 (registry+https://github.com/rust-lang/crates.io-index)",
]

