[root]
name = "genesis"
version = "0.0.1"
dependencies = [
 "freetype-rs 0.0.6 (git+https://github.com/PistonDevelopers/freetype-rs)",
 "glium 0.0.2 (git+https://github.com/tomaka/glium)",
 "glium_macros 0.0.1 (git+https://github.com/tomaka/glium)",
 "glutin 0.0.4-pre (git+https://github.com/tomaka/glutin)",
 "groove 0.0.1 (git+https://github.com/andrewrk/groove-rs)",
 "nalgebra 0.2.2 (git+https://github.com/sebcrozet/nalgebra)",
]

[[package]]
name = "android_glue"
version = "0.0.1"
source = "git+https://github.com/tomaka/android-rs-glue#ebea1a239b15fb83caf9c9749d3421650522dc99"
dependencies = [
 "compile_msg 0.1.3 (git+https://github.com/huonw/compile_msg)",
]

[[package]]
name = "bitflags"
version = "0.1.0"
source = "registry+https://github.com/rust-lang/crates.io-index"

[[package]]
name = "cocoa"
version = "0.1.1"
source = "git+https://github.com/servo/rust-cocoa#6cff0d42ce0ff161940a4bcb5fece3f3e848c0f0"
dependencies = [
 "bitflags 0.1.0 (registry+https://github.com/rust-lang/crates.io-index)",
]

[[package]]
name = "compile_msg"
version = "0.1.3"
source = "git+https://github.com/huonw/compile_msg#b19da50cacf5b11bbc065da6b449f6b4fe7c019a"

[[package]]
name = "core_foundation"
version = "0.1.0"
source = "git+https://github.com/servo/rust-core-foundation#a26f33c9f0ceba878ce36083d5abaaf9c942edbf"

[[package]]
name = "core_graphics"
version = "0.1.0"
source = "git+https://github.com/servo/rust-core-graphics#9434e2bda65d259f825104170b5fa6cc6dbaf5a9"
dependencies = [
 "core_foundation 0.1.0 (git+https://github.com/servo/rust-core-foundation)",
]

[[package]]
name = "freetype-rs"
version = "0.0.6"
source = "git+https://github.com/PistonDevelopers/freetype-rs#bba330b4d3dac6a04935f6fb27e31ad00fb07433"
dependencies = [
 "bitflags 0.1.0 (registry+https://github.com/rust-lang/crates.io-index)",
 "freetype-sys 0.0.2 (git+https://github.com/PistonDevelopers/freetype-sys)",
]

[[package]]
name = "freetype-sys"
version = "0.0.2"
source = "git+https://github.com/PistonDevelopers/freetype-sys#b0c1eaa34b0d1c5689de94cb94a3f87cd22a46db"
dependencies = [
 "libz-sys 0.1.0 (registry+https://github.com/rust-lang/crates.io-index)",
 "pkg-config 0.1.6 (registry+https://github.com/rust-lang/crates.io-index)",
]

[[package]]
name = "gdi32-sys"
version = "0.0.2"
source = "registry+https://github.com/rust-lang/crates.io-index"
dependencies = [
 "winapi 0.1.3 (registry+https://github.com/rust-lang/crates.io-index)",
]

[[package]]
name = "gl_common"
version = "0.0.3"
source = "registry+https://github.com/rust-lang/crates.io-index"

[[package]]
name = "gl_generator"
version = "0.0.12"
source = "registry+https://github.com/rust-lang/crates.io-index"
dependencies = [
 "gl_common 0.0.3 (registry+https://github.com/rust-lang/crates.io-index)",
 "khronos_api 0.0.4 (registry+https://github.com/rust-lang/crates.io-index)",
 "log 0.2.0 (registry+https://github.com/rust-lang/crates.io-index)",
 "xml-rs 0.1.15 (registry+https://github.com/rust-lang/crates.io-index)",
]

[[package]]
name = "glium"
version = "0.0.2"
source = "git+https://github.com/tomaka/glium#ed3bc8f30b64b5a0d70e96119446e0812fbc512f"
dependencies = [
 "compile_msg 0.1.3 (git+https://github.com/huonw/compile_msg)",
 "gl_common 0.0.3 (registry+https://github.com/rust-lang/crates.io-index)",
 "gl_generator 0.0.12 (registry+https://github.com/rust-lang/crates.io-index)",
 "glutin 0.0.4-pre (git+https://github.com/tomaka/glutin)",
 "image 0.2.0-alpha.8 (git+https://github.com/PistonDevelopers/image)",
 "khronos_api 0.0.5 (registry+https://github.com/rust-lang/crates.io-index)",
 "nalgebra 0.2.2 (git+https://github.com/sebcrozet/nalgebra)",
]

[[package]]
name = "glium_macros"
version = "0.0.1"
source = "git+https://github.com/tomaka/glium#ed3bc8f30b64b5a0d70e96119446e0812fbc512f"

[[package]]
name = "glutin"
version = "0.0.4-pre"
source = "git+https://github.com/tomaka/glutin#1a9cf9bc5c6e9251c8035e8412edafe4bfa8869d"
dependencies = [
 "android_glue 0.0.1 (git+https://github.com/tomaka/android-rs-glue)",
 "cocoa 0.1.1 (git+https://github.com/servo/rust-cocoa)",
 "core_foundation 0.1.0 (git+https://github.com/servo/rust-core-foundation)",
 "core_graphics 0.1.0 (git+https://github.com/servo/rust-core-graphics)",
 "gdi32-sys 0.0.2 (registry+https://github.com/rust-lang/crates.io-index)",
 "gl_common 0.0.3 (registry+https://github.com/rust-lang/crates.io-index)",
 "gl_generator 0.0.12 (registry+https://github.com/rust-lang/crates.io-index)",
 "kernel32-sys 0.0.3 (registry+https://github.com/rust-lang/crates.io-index)",
 "khronos_api 0.0.5 (registry+https://github.com/rust-lang/crates.io-index)",
 "user32-sys 0.0.2 (registry+https://github.com/rust-lang/crates.io-index)",
 "winapi 0.1.3 (registry+https://github.com/rust-lang/crates.io-index)",
]

[[package]]
name = "groove"
version = "0.0.1"
source = "git+https://github.com/andrewrk/groove-rs#a5a6af2c664bc91993c4cfd4b6d5a5aa8d4fd5f4"
dependencies = [
 "lazy_static 0.1.7 (registry+https://github.com/rust-lang/crates.io-index)",
]

[[package]]
name = "image"
version = "0.2.0-alpha.8"
source = "git+https://github.com/PistonDevelopers/image#da11929ddd89943c4abdc3fa3baf5d4419b841ed"
dependencies = [
 "num 0.1.10 (git+https://github.com/rust-lang/num)",
]

[[package]]
name = "kernel32-sys"
version = "0.0.3"
source = "registry+https://github.com/rust-lang/crates.io-index"
dependencies = [
 "winapi 0.1.3 (registry+https://github.com/rust-lang/crates.io-index)",
]

[[package]]
name = "khronos_api"
version = "0.0.4"
source = "registry+https://github.com/rust-lang/crates.io-index"

[[package]]
name = "khronos_api"
version = "0.0.5"
source = "registry+https://github.com/rust-lang/crates.io-index"

[[package]]
name = "lazy_static"
version = "0.1.7"
source = "registry+https://github.com/rust-lang/crates.io-index"

[[package]]
name = "libz-sys"
version = "0.1.0"
source = "registry+https://github.com/rust-lang/crates.io-index"
dependencies = [
 "pkg-config 0.1.6 (registry+https://github.com/rust-lang/crates.io-index)",
]

[[package]]
name = "log"
version = "0.2.0"
source = "registry+https://github.com/rust-lang/crates.io-index"

[[package]]
name = "nalgebra"
version = "0.2.2"
source = "git+https://github.com/sebcrozet/nalgebra#14df13809f8845196f2d1a5ba5b0b418bce84545"
dependencies = [
 "rustc-serialize 0.2.9 (registry+https://github.com/rust-lang/crates.io-index)",
]

[[package]]
name = "num"
version = "0.1.10"
source = "git+https://github.com/rust-lang/num#c05cd530dbc1cc2e56f936524400b368e07ee5cb"
dependencies = [
 "rustc-serialize 0.2.9 (registry+https://github.com/rust-lang/crates.io-index)",
]

[[package]]
name = "pkg-config"
version = "0.1.6"
source = "registry+https://github.com/rust-lang/crates.io-index"

[[package]]
name = "rustc-serialize"
version = "0.2.9"
source = "registry+https://github.com/rust-lang/crates.io-index"

[[package]]
name = "user32-sys"
version = "0.0.2"
source = "registry+https://github.com/rust-lang/crates.io-index"
dependencies = [
 "winapi 0.1.3 (registry+https://github.com/rust-lang/crates.io-index)",
]

[[package]]
name = "winapi"
version = "0.1.3"
source = "registry+https://github.com/rust-lang/crates.io-index"

[[package]]
name = "xml-rs"
version = "0.1.15"
source = "registry+https://github.com/rust-lang/crates.io-index"
dependencies = [
 "bitflags 0.1.0 (registry+https://github.com/rust-lang/crates.io-index)",
]

